PODS:
  - CommonCryptoModule (1.0.2)
  - WolfCore (0.1.0):
    - CommonCryptoModule

DEPENDENCIES:
  - WolfCore (from `../`)

EXTERNAL SOURCES:
  WolfCore:
    :path: ../

SPEC CHECKSUMS:
  CommonCryptoModule: 63a68b57abed79655b3a01011419bf037a05b0a0
  WolfCore: abaa01840005d781adf9780358844b746c92d5c6

PODFILE CHECKSUM: 401e8f8bcad30ce735bddbf962691d768ddb799b

COCOAPODS: 1.4.0
