// !$*UTF8*$!
{
	archiveVersion = 1;
	classes = {
	};
	objectVersion = 46;
	objects = {

/* Begin PBXBuildFile section */
		0301008B1F07455800FC72B5 /* WolfCore.framework in Frameworks */ = {isa = PBXBuildFile; fileRef = 0301008A1F07455800FC72B5 /* WolfCore.framework */; };
		0301008C1F07455800FC72B5 /* WolfCore.framework in Embed Frameworks */ = {isa = PBXBuildFile; fileRef = 0301008A1F07455800FC72B5 /* WolfCore.framework */; settings = {ATTRIBUTES = (CodeSignOnCopy, RemoveHeadersOnCopy, ); }; };
		0301008E1F07455800FC72B5 /* WolfBase.framework in Frameworks */ = {isa = PBXBuildFile; fileRef = 0301008D1F07455800FC72B5 /* WolfBase.framework */; };
		0301008F1F07455800FC72B5 /* WolfBase.framework in Embed Frameworks */ = {isa = PBXBuildFile; fileRef = 0301008D1F07455800FC72B5 /* WolfBase.framework */; settings = {ATTRIBUTES = (CodeSignOnCopy, RemoveHeadersOnCopy, ); }; };
		03C486CF1ED3655E00BFA144 /* AppDelegate.swift in Sources */ = {isa = PBXBuildFile; fileRef = 03C486CE1ED3655E00BFA144 /* AppDelegate.swift */; };
		03C486D11ED3655E00BFA144 /* MainViewController.swift in Sources */ = {isa = PBXBuildFile; fileRef = 03C486D01ED3655E00BFA144 /* MainViewController.swift */; };
		03C486D61ED3655E00BFA144 /* Assets.xcassets in Resources */ = {isa = PBXBuildFile; fileRef = 03C486D51ED3655E00BFA144 /* Assets.xcassets */; };
		03C486D91ED3655E00BFA144 /* LaunchScreen.storyboard in Resources */ = {isa = PBXBuildFile; fileRef = 03C486D71ED3655E00BFA144 /* LaunchScreen.storyboard */; };
		03C486E41ED3795900BFA144 /* Start.storyboard in Resources */ = {isa = PBXBuildFile; fileRef = 03C486D21ED3655E00BFA144 /* Start.storyboard */; };
		03C7D6361F08C1E50050E7E9 /* Foundation.framework in Frameworks */ = {isa = PBXBuildFile; fileRef = 03C7D6351F08C1D50050E7E9 /* Foundation.framework */; };
		03D2CDD61EE5F5D0008EAB1D /* ContentViewController.swift in Sources */ = {isa = PBXBuildFile; fileRef = 03D2CDD51EE5F5D0008EAB1D /* ContentViewController.swift */; };
/* End PBXBuildFile section */

/* Begin PBXCopyFilesBuildPhase section */
		03C486E31ED368A800BFA144 /* Embed Frameworks */ = {
			isa = PBXCopyFilesBuildPhase;
			buildActionMask = 2147483647;
			dstPath = "";
			dstSubfolderSpec = 10;
			files = (
				0301008C1F07455800FC72B5 /* WolfCore.framework in Embed Frameworks */,
				0301008F1F07455800FC72B5 /* WolfBase.framework in Embed Frameworks */,
			);
			name = "Embed Frameworks";
			runOnlyForDeploymentPostprocessing = 0;
		};
/* End PBXCopyFilesBuildPhase section */

/* Begin PBXFileReference section */
		0301008A1F07455800FC72B5 /* WolfCore.framework */ = {isa = PBXFileReference; explicitFileType = wrapper.framework; path = WolfCore.framework; sourceTree = BUILT_PRODUCTS_DIR; };
		0301008D1F07455800FC72B5 /* WolfBase.framework */ = {isa = PBXFileReference; explicitFileType = wrapper.framework; path = WolfBase.framework; sourceTree = BUILT_PRODUCTS_DIR; };
		03C486CB1ED3655E00BFA144 /* Banners.app */ = {isa = PBXFileReference; explicitFileType = wrapper.application; includeInIndex = 0; path = Banners.app; sourceTree = BUILT_PRODUCTS_DIR; };
		03C486CE1ED3655E00BFA144 /* AppDelegate.swift */ = {isa = PBXFileReference; lastKnownFileType = sourcecode.swift; path = AppDelegate.swift; sourceTree = "<group>"; };
		03C486D01ED3655E00BFA144 /* MainViewController.swift */ = {isa = PBXFileReference; lastKnownFileType = sourcecode.swift; path = MainViewController.swift; sourceTree = "<group>"; };
		03C486D31ED3655E00BFA144 /* Base */ = {isa = PBXFileReference; lastKnownFileType = file.storyboard; name = Base; path = Base.lproj/Start.storyboard; sourceTree = "<group>"; };
		03C486D51ED3655E00BFA144 /* Assets.xcassets */ = {isa = PBXFileReference; lastKnownFileType = folder.assetcatalog; path = Assets.xcassets; sourceTree = "<group>"; };
		03C486D81ED3655E00BFA144 /* Base */ = {isa = PBXFileReference; lastKnownFileType = file.storyboard; name = Base; path = Base.lproj/LaunchScreen.storyboard; sourceTree = "<group>"; };
		03C486DA1ED3655E00BFA144 /* Info.plist */ = {isa = PBXFileReference; lastKnownFileType = text.plist.xml; path = Info.plist; sourceTree = "<group>"; };
		03C7D6351F08C1D50050E7E9 /* Foundation.framework */ = {isa = PBXFileReference; lastKnownFileType = wrapper.framework; name = Foundation.framework; path = System/Library/Frameworks/Foundation.framework; sourceTree = SDKROOT; };
		03D2CDD51EE5F5D0008EAB1D /* ContentViewController.swift */ = {isa = PBXFileReference; fileEncoding = 4; lastKnownFileType = sourcecode.swift; path = ContentViewController.swift; sourceTree = "<group>"; };
/* End PBXFileReference section */

/* Begin PBXFrameworksBuildPhase section */
		03C486C81ED3655E00BFA144 /* Frameworks */ = {
			isa = PBXFrameworksBuildPhase;
			buildActionMask = 2147483647;
			files = (
				03C7D6361F08C1E50050E7E9 /* Foundation.framework in Frameworks */,
				0301008B1F07455800FC72B5 /* WolfCore.framework in Frameworks */,
				0301008E1F07455800FC72B5 /* WolfBase.framework in Frameworks */,
			);
			runOnlyForDeploymentPostprocessing = 0;
		};
/* End PBXFrameworksBuildPhase section */

/* Begin PBXGroup section */
		030100871F07451200FC72B5 /* Frameworks */ = {
			isa = PBXGroup;
			children = (
				03C7D6351F08C1D50050E7E9 /* Foundation.framework */,
				0301008D1F07455800FC72B5 /* WolfBase.framework */,
				0301008A1F07455800FC72B5 /* WolfCore.framework */,
			);
			name = Frameworks;
			sourceTree = "<group>";
		};
		03C486C21ED3655E00BFA144 = {
			isa = PBXGroup;
			children = (
				03C486CD1ED3655E00BFA144 /* Banners */,
				03C486CC1ED3655E00BFA144 /* Products */,
				030100871F07451200FC72B5 /* Frameworks */,
			);
			sourceTree = "<group>";
		};
		03C486CC1ED3655E00BFA144 /* Products */ = {
			isa = PBXGroup;
			children = (
				03C486CB1ED3655E00BFA144 /* Banners.app */,
			);
			name = Products;
			sourceTree = "<group>";
		};
		03C486CD1ED3655E00BFA144 /* Banners */ = {
			isa = PBXGroup;
			children = (
				03C486CE1ED3655E00BFA144 /* AppDelegate.swift */,
				03C486D01ED3655E00BFA144 /* MainViewController.swift */,
				03D2CDD51EE5F5D0008EAB1D /* ContentViewController.swift */,
				03C486D21ED3655E00BFA144 /* Start.storyboard */,
				03C486D51ED3655E00BFA144 /* Assets.xcassets */,
				03C486D71ED3655E00BFA144 /* LaunchScreen.storyboard */,
				03C486DA1ED3655E00BFA144 /* Info.plist */,
			);
			path = Banners;
			sourceTree = "<group>";
		};
/* End PBXGroup section */

/* Begin PBXNativeTarget section */
		03C486CA1ED3655E00BFA144 /* Banners */ = {
			isa = PBXNativeTarget;
			buildConfigurationList = 03C486DD1ED3655E00BFA144 /* Build configuration list for PBXNativeTarget "Banners" */;
			buildPhases = (
				03C486C71ED3655E00BFA144 /* Sources */,
				03C486C81ED3655E00BFA144 /* Frameworks */,
				03C486C91ED3655E00BFA144 /* Resources */,
				03C486E31ED368A800BFA144 /* Embed Frameworks */,
			);
			buildRules = (
			);
			dependencies = (
			);
			name = Banners;
			productName = Banners;
			productReference = 03C486CB1ED3655E00BFA144 /* Banners.app */;
			productType = "com.apple.product-type.application";
		};
/* End PBXNativeTarget section */

/* Begin PBXProject section */
		03C486C31ED3655E00BFA144 /* Project object */ = {
			isa = PBXProject;
			attributes = {
				LastSwiftUpdateCheck = 0830;
				LastUpgradeCheck = 0900;
				ORGANIZATIONNAME = "Arciem LLC";
				TargetAttributes = {
					03C486CA1ED3655E00BFA144 = {
						CreatedOnToolsVersion = 8.3.2;
						DevelopmentTeam = 92TUA8H52D;
						LastSwiftMigration = 0900;
						ProvisioningStyle = Automatic;
					};
				};
			};
			buildConfigurationList = 03C486C61ED3655E00BFA144 /* Build configuration list for PBXProject "Banners" */;
			compatibilityVersion = "Xcode 3.2";
			developmentRegion = English;
			hasScannedForEncodings = 0;
			knownRegions = (
				en,
				Base,
			);
			mainGroup = 03C486C21ED3655E00BFA144;
			productRefGroup = 03C486CC1ED3655E00BFA144 /* Products */;
			projectDirPath = "";
			projectRoot = "";
			targets = (
				03C486CA1ED3655E00BFA144 /* Banners */,
			);
		};
/* End PBXProject section */

/* Begin PBXResourcesBuildPhase section */
		03C486C91ED3655E00BFA144 /* Resources */ = {
			isa = PBXResourcesBuildPhase;
			buildActionMask = 2147483647;
			files = (
				03C486E41ED3795900BFA144 /* Start.storyboard in Resources */,
				03C486D91ED3655E00BFA144 /* LaunchScreen.storyboard in Resources */,
				03C486D61ED3655E00BFA144 /* Assets.xcassets in Resources */,
			);
			runOnlyForDeploymentPostprocessing = 0;
		};
/* End PBXResourcesBuildPhase section */

/* Begin PBXSourcesBuildPhase section */
		03C486C71ED3655E00BFA144 /* Sources */ = {
			isa = PBXSourcesBuildPhase;
			buildActionMask = 2147483647;
			files = (
				03C486D11ED3655E00BFA144 /* MainViewController.swift in Sources */,
				03D2CDD61EE5F5D0008EAB1D /* ContentViewController.swift in Sources */,
				03C486CF1ED3655E00BFA144 /* AppDelegate.swift in Sources */,
			);
			runOnlyForDeploymentPostprocessing = 0;
		};
/* End PBXSourcesBuildPhase section */

/* Begin PBXVariantGroup section */
		03C486D21ED3655E00BFA144 /* Start.storyboard */ = {
			isa = PBXVariantGroup;
			children = (
				03C486D31ED3655E00BFA144 /* Base */,
			);
			name = Start.storyboard;
			sourceTree = "<group>";
		};
		03C486D71ED3655E00BFA144 /* LaunchScreen.storyboard */ = {
			isa = PBXVariantGroup;
			children = (
				03C486D81ED3655E00BFA144 /* Base */,
			);
			name = LaunchScreen.storyboard;
			sourceTree = "<group>";
		};
/* End PBXVariantGroup section */

/* Begin XCBuildConfiguration section */
		03C486DB1ED3655E00BFA144 /* Debug */ = {
			isa = XCBuildConfiguration;
			buildSettings = {
				ALWAYS_SEARCH_USER_PATHS = NO;
				CLANG_ANALYZER_NONNULL = YES;
				CLANG_ANALYZER_NUMBER_OBJECT_CONVERSION = YES_AGGRESSIVE;
				CLANG_CXX_LANGUAGE_STANDARD = "gnu++0x";
				CLANG_CXX_LIBRARY = "libc++";
				CLANG_ENABLE_MODULES = YES;
				CLANG_ENABLE_OBJC_ARC = YES;
				CLANG_WARN_BLOCK_CAPTURE_AUTORELEASING = YES;
				CLANG_WARN_BOOL_CONVERSION = YES;
				CLANG_WARN_COMMA = YES;
				CLANG_WARN_CONSTANT_CONVERSION = YES;
				CLANG_WARN_DIRECT_OBJC_ISA_USAGE = YES_ERROR;
				CLANG_WARN_DOCUMENTATION_COMMENTS = YES;
				CLANG_WARN_EMPTY_BODY = YES;
				CLANG_WARN_ENUM_CONVERSION = YES;
				CLANG_WARN_INFINITE_RECURSION = YES;
				CLANG_WARN_INT_CONVERSION = YES;
				CLANG_WARN_NON_LITERAL_NULL_CONVERSION = YES;
				CLANG_WARN_OBJC_LITERAL_CONVERSION = YES;
				CLANG_WARN_OBJC_ROOT_CLASS = YES_ERROR;
				CLANG_WARN_RANGE_LOOP_ANALYSIS = YES;
				CLANG_WARN_STRICT_PROTOTYPES = YES;
				CLANG_WARN_SUSPICIOUS_MOVE = YES;
				CLANG_WARN_UNREACHABLE_CODE = YES;
				CLANG_WARN__DUPLICATE_METHOD_MATCH = YES;
				"CODE_SIGN_IDENTITY[sdk=iphoneos*]" = "iPhone Developer";
				COPY_PHASE_STRIP = NO;
				DEBUG_INFORMATION_FORMAT = dwarf;
				ENABLE_STRICT_OBJC_MSGSEND = YES;
				ENABLE_TESTABILITY = YES;
				GCC_C_LANGUAGE_STANDARD = gnu99;
				GCC_DYNAMIC_NO_PIC = NO;
				GCC_NO_COMMON_BLOCKS = YES;
				GCC_OPTIMIZATION_LEVEL = 0;
				GCC_PREPROCESSOR_DEFINITIONS = (
					"DEBUG=1",
					"$(inherited)",
				);
				GCC_WARN_64_TO_32_BIT_CONVERSION = YES;
				GCC_WARN_ABOUT_RETURN_TYPE = YES_ERROR;
				GCC_WARN_UNDECLARED_SELECTOR = YES;
				GCC_WARN_UNINITIALIZED_AUTOS = YES_AGGRESSIVE;
				GCC_WARN_UNUSED_FUNCTION = YES;
				GCC_WARN_UNUSED_VARIABLE = YES;
				IPHONEOS_DEPLOYMENT_TARGET = 10.3;
				MTL_ENABLE_DEBUG_INFO = YES;
				ONLY_ACTIVE_ARCH = YES;
				SDKROOT = iphoneos;
				SWIFT_ACTIVE_COMPILATION_CONDITIONS = DEBUG;
				SWIFT_OPTIMIZATION_LEVEL = "-Onone";
				TARGETED_DEVICE_FAMILY = "1,2";
			};
			name = Debug;
		};
		03C486DC1ED3655E00BFA144 /* Release */ = {
			isa = XCBuildConfiguration;
			buildSettings = {
				ALWAYS_SEARCH_USER_PATHS = NO;
				CLANG_ANALYZER_NONNULL = YES;
				CLANG_ANALYZER_NUMBER_OBJECT_CONVERSION = YES_AGGRESSIVE;
				CLANG_CXX_LANGUAGE_STANDARD = "gnu++0x";
				CLANG_CXX_LIBRARY = "libc++";
				CLANG_ENABLE_MODULES = YES;
				CLANG_ENABLE_OBJC_ARC = YES;
				CLANG_WARN_BLOCK_CAPTURE_AUTORELEASING = YES;
				CLANG_WARN_BOOL_CONVERSION = YES;
				CLANG_WARN_COMMA = YES;
				CLANG_WARN_CONSTANT_CONVERSION = YES;
				CLANG_WARN_DIRECT_OBJC_ISA_USAGE = YES_ERROR;
				CLANG_WARN_DOCUMENTATION_COMMENTS = YES;
				CLANG_WARN_EMPTY_BODY = YES;
				CLANG_WARN_ENUM_CONVERSION = YES;
				CLANG_WARN_INFINITE_RECURSION = YES;
				CLANG_WARN_INT_CONVERSION = YES;
				CLANG_WARN_NON_LITERAL_NULL_CONVERSION = YES;
				CLANG_WARN_OBJC_LITERAL_CONVERSION = YES;
				CLANG_WARN_OBJC_ROOT_CLASS = YES_ERROR;
				CLANG_WARN_RANGE_LOOP_ANALYSIS = YES;
				CLANG_WARN_STRICT_PROTOTYPES = YES;
				CLANG_WARN_SUSPICIOUS_MOVE = YES;
				CLANG_WARN_UNREACHABLE_CODE = YES;
				CLANG_WARN__DUPLICATE_METHOD_MATCH = YES;
				"CODE_SIGN_IDENTITY[sdk=iphoneos*]" = "iPhone Developer";
				COPY_PHASE_STRIP = NO;
				DEBUG_INFORMATION_FORMAT = "dwarf-with-dsym";
				ENABLE_NS_ASSERTIONS = NO;
				ENABLE_STRICT_OBJC_MSGSEND = YES;
				GCC_C_LANGUAGE_STANDARD = gnu99;
				GCC_NO_COMMON_BLOCKS = YES;
				GCC_WARN_64_TO_32_BIT_CONVERSION = YES;
				GCC_WARN_ABOUT_RETURN_TYPE = YES_ERROR;
				GCC_WARN_UNDECLARED_SELECTOR = YES;
				GCC_WARN_UNINITIALIZED_AUTOS = YES_AGGRESSIVE;
				GCC_WARN_UNUSED_FUNCTION = YES;
				GCC_WARN_UNUSED_VARIABLE = YES;
				IPHONEOS_DEPLOYMENT_TARGET = 10.3;
				MTL_ENABLE_DEBUG_INFO = NO;
				SDKROOT = iphoneos;
				SWIFT_OPTIMIZATION_LEVEL = "-Owholemodule";
				TARGETED_DEVICE_FAMILY = "1,2";
				VALIDATE_PRODUCT = YES;
			};
			name = Release;
		};
		03C486DE1ED3655E00BFA144 /* Debug */ = {
			isa = XCBuildConfiguration;
			buildSettings = {
				ASSETCATALOG_COMPILER_APPICON_NAME = AppIcon;
				DEVELOPMENT_TEAM = 92TUA8H52D;
				INFOPLIST_FILE = Banners/Info.plist;
				IPHONEOS_DEPLOYMENT_TARGET = 9.3;
				LD_RUNPATH_SEARCH_PATHS = "$(inherited) @executable_path/Frameworks";
				PRODUCT_BUNDLE_IDENTIFIER = com.arciem.Banners;
				PRODUCT_NAME = "$(TARGET_NAME)";
				SWIFT_VERSION = 4.0;
			};
			name = Debug;
		};
		03C486DF1ED3655E00BFA144 /* Release */ = {
			isa = XCBuildConfiguration;
			buildSettings = {
				ASSETCATALOG_COMPILER_APPICON_NAME = AppIcon;
				DEVELOPMENT_TEAM = 92TUA8H52D;
				INFOPLIST_FILE = Banners/Info.plist;
				IPHONEOS_DEPLOYMENT_TARGET = 9.3;
				LD_RUNPATH_SEARCH_PATHS = "$(inherited) @executable_path/Frameworks";
				PRODUCT_BUNDLE_IDENTIFIER = com.arciem.Banners;
				PRODUCT_NAME = "$(TARGET_NAME)";
				SWIFT_VERSION = 4.0;
			};
			name = Release;
		};
/* End XCBuildConfiguration section */

/* Begin XCConfigurationList section */
		03C486C61ED3655E00BFA144 /* Build configuration list for PBXProject "Banners" */ = {
			isa = XCConfigurationList;
			buildConfigurations = (
				03C486DB1ED3655E00BFA144 /* Debug */,
				03C486DC1ED3655E00BFA144 /* Release */,
			);
			defaultConfigurationIsVisible = 0;
			defaultConfigurationName = Release;
		};
		03C486DD1ED3655E00BFA144 /* Build configuration list for PBXNativeTarget "Banners" */ = {
			isa = XCConfigurationList;
			buildConfigurations = (
				03C486DE1ED3655E00BFA144 /* Debug */,
				03C486DF1ED3655E00BFA144 /* Release */,
			);
			defaultConfigurationIsVisible = 0;
			defaultConfigurationName = Release;
		};
/* End XCConfigurationList section */
	};
	rootObject = 03C486C31ED3655E00BFA144 /* Project object */;
}
