// !$*UTF8*$!
{
	archiveVersion = 1;
	classes = {
	};
	objectVersion = 46;
	objects = {

/* Begin PBXBuildFile section */
		030100911F07457B00FC72B5 /* WolfBase.framework in Frameworks */ = {isa = PBXBuildFile; fileRef = 030100901F07457B00FC72B5 /* WolfBase.framework */; };
		030100921F07457B00FC72B5 /* WolfBase.framework in Embed Frameworks */ = {isa = PBXBuildFile; fileRef = 030100901F07457B00FC72B5 /* WolfBase.framework */; settings = {ATTRIBUTES = (CodeSignOnCopy, RemoveHeadersOnCopy, ); }; };
		03B93F471D2DC77200B1C42D /* AppDelegate.swift in Sources */ = {isa = PBXBuildFile; fileRef = 03B93F461D2DC77200B1C42D /* AppDelegate.swift */; };
		03B93F491D2DC77300B1C42D /* MainViewController.swift in Sources */ = {isa = PBXBuildFile; fileRef = 03B93F481D2DC77300B1C42D /* MainViewController.swift */; };
		03B93F4C1D2DC77300B1C42D /* Main.storyboard in Resources */ = {isa = PBXBuildFile; fileRef = 03B93F4A1D2DC77300B1C42D /* Main.storyboard */; };
		03B93F4E1D2DC77300B1C42D /* Assets.xcassets in Resources */ = {isa = PBXBuildFile; fileRef = 03B93F4D1D2DC77300B1C42D /* Assets.xcassets */; };
		03B93F511D2DC77300B1C42D /* LaunchScreen.storyboard in Resources */ = {isa = PBXBuildFile; fileRef = 03B93F4F1D2DC77300B1C42D /* LaunchScreen.storyboard */; };
		03B93F611D2DD05100B1C42D /* MyTableViewCell.swift in Sources */ = {isa = PBXBuildFile; fileRef = 03B93F601D2DD05100B1C42D /* MyTableViewCell.swift */; };
		03F145481D2DE2D700F97311 /* Model.swift in Sources */ = {isa = PBXBuildFile; fileRef = 03F145471D2DE2D700F97311 /* Model.swift */; };
		03F1454A1D2DF68A00F97311 /* TouchableView.swift in Sources */ = {isa = PBXBuildFile; fileRef = 03F145491D2DF68A00F97311 /* TouchableView.swift */; };
		03F218C81EF2653A009C3174 /* WolfCore.framework in Frameworks */ = {isa = PBXBuildFile; fileRef = 03F218C71EF2653A009C3174 /* WolfCore.framework */; };
		03F218C91EF2653A009C3174 /* WolfCore.framework in Embed Frameworks */ = {isa = PBXBuildFile; fileRef = 03F218C71EF2653A009C3174 /* WolfCore.framework */; settings = {ATTRIBUTES = (CodeSignOnCopy, RemoveHeadersOnCopy, ); }; };
/* End PBXBuildFile section */

/* Begin PBXCopyFilesBuildPhase section */
		03F218CA1EF2653B009C3174 /* Embed Frameworks */ = {
			isa = PBXCopyFilesBuildPhase;
			buildActionMask = 2147483647;
			dstPath = "";
			dstSubfolderSpec = 10;
			files = (
				03F218C91EF2653A009C3174 /* WolfCore.framework in Embed Frameworks */,
				030100921F07457B00FC72B5 /* WolfBase.framework in Embed Frameworks */,
			);
			name = "Embed Frameworks";
			runOnlyForDeploymentPostprocessing = 0;
		};
/* End PBXCopyFilesBuildPhase section */

/* Begin PBXFileReference section */
		030100901F07457B00FC72B5 /* WolfBase.framework */ = {isa = PBXFileReference; explicitFileType = wrapper.framework; path = WolfBase.framework; sourceTree = BUILT_PRODUCTS_DIR; };
		03B93F431D2DC77200B1C42D /* TableLayout.app */ = {isa = PBXFileReference; explicitFileType = wrapper.application; includeInIndex = 0; path = TableLayout.app; sourceTree = BUILT_PRODUCTS_DIR; };
		03B93F461D2DC77200B1C42D /* AppDelegate.swift */ = {isa = PBXFileReference; lastKnownFileType = sourcecode.swift; path = AppDelegate.swift; sourceTree = "<group>"; };
		03B93F481D2DC77300B1C42D /* MainViewController.swift */ = {isa = PBXFileReference; lastKnownFileType = sourcecode.swift; path = MainViewController.swift; sourceTree = "<group>"; };
		03B93F4B1D2DC77300B1C42D /* Base */ = {isa = PBXFileReference; lastKnownFileType = file.storyboard; name = Base; path = Base.lproj/Main.storyboard; sourceTree = "<group>"; };
		03B93F4D1D2DC77300B1C42D /* Assets.xcassets */ = {isa = PBXFileReference; lastKnownFileType = folder.assetcatalog; path = Assets.xcassets; sourceTree = "<group>"; };
		03B93F501D2DC77300B1C42D /* Base */ = {isa = PBXFileReference; lastKnownFileType = file.storyboard; name = Base; path = Base.lproj/LaunchScreen.storyboard; sourceTree = "<group>"; };
		03B93F521D2DC77300B1C42D /* Info.plist */ = {isa = PBXFileReference; lastKnownFileType = text.plist.xml; path = Info.plist; sourceTree = "<group>"; };
		03B93F601D2DD05100B1C42D /* MyTableViewCell.swift */ = {isa = PBXFileReference; fileEncoding = 4; lastKnownFileType = sourcecode.swift; path = MyTableViewCell.swift; sourceTree = "<group>"; };
		03F145471D2DE2D700F97311 /* Model.swift */ = {isa = PBXFileReference; fileEncoding = 4; lastKnownFileType = sourcecode.swift; path = Model.swift; sourceTree = "<group>"; };
		03F145491D2DF68A00F97311 /* TouchableView.swift */ = {isa = PBXFileReference; fileEncoding = 4; lastKnownFileType = sourcecode.swift; path = TouchableView.swift; sourceTree = "<group>"; };
		03F218C71EF2653A009C3174 /* WolfCore.framework */ = {isa = PBXFileReference; explicitFileType = wrapper.framework; path = WolfCore.framework; sourceTree = BUILT_PRODUCTS_DIR; };
/* End PBXFileReference section */

/* Begin PBXFrameworksBuildPhase section */
		03B93F401D2DC77200B1C42D /* Frameworks */ = {
			isa = PBXFrameworksBuildPhase;
			buildActionMask = 2147483647;
			files = (
				03F218C81EF2653A009C3174 /* WolfCore.framework in Frameworks */,
				030100911F07457B00FC72B5 /* WolfBase.framework in Frameworks */,
			);
			runOnlyForDeploymentPostprocessing = 0;
		};
/* End PBXFrameworksBuildPhase section */

/* Begin PBXGroup section */
		03B93F3A1D2DC77200B1C42D = {
			isa = PBXGroup;
			children = (
				03B93F451D2DC77200B1C42D /* TableLayout */,
				03B93F441D2DC77200B1C42D /* Products */,
				03B93F5F1D2DC96200B1C42D /* Frameworks */,
			);
			sourceTree = "<group>";
		};
		03B93F441D2DC77200B1C42D /* Products */ = {
			isa = PBXGroup;
			children = (
				03B93F431D2DC77200B1C42D /* TableLayout.app */,
			);
			name = Products;
			sourceTree = "<group>";
		};
		03B93F451D2DC77200B1C42D /* TableLayout */ = {
			isa = PBXGroup;
			children = (
				03B93F461D2DC77200B1C42D /* AppDelegate.swift */,
				03B93F481D2DC77300B1C42D /* MainViewController.swift */,
				03B93F601D2DD05100B1C42D /* MyTableViewCell.swift */,
				03F145491D2DF68A00F97311 /* TouchableView.swift */,
				03F145471D2DE2D700F97311 /* Model.swift */,
				03B93F4A1D2DC77300B1C42D /* Main.storyboard */,
				03B93F4D1D2DC77300B1C42D /* Assets.xcassets */,
				03B93F4F1D2DC77300B1C42D /* LaunchScreen.storyboard */,
				03B93F521D2DC77300B1C42D /* Info.plist */,
			);
			path = TableLayout;
			sourceTree = "<group>";
		};
		03B93F5F1D2DC96200B1C42D /* Frameworks */ = {
			isa = PBXGroup;
			children = (
				03F218C71EF2653A009C3174 /* WolfCore.framework */,
				030100901F07457B00FC72B5 /* WolfBase.framework */,
			);
			name = Frameworks;
			sourceTree = "<group>";
		};
/* End PBXGroup section */

/* Begin PBXNativeTarget section */
		03B93F421D2DC77200B1C42D /* TableLayout */ = {
			isa = PBXNativeTarget;
			buildConfigurationList = 03B93F551D2DC77300B1C42D /* Build configuration list for PBXNativeTarget "TableLayout" */;
			buildPhases = (
				03B93F3F1D2DC77200B1C42D /* Sources */,
				03B93F401D2DC77200B1C42D /* Frameworks */,
				03B93F411D2DC77200B1C42D /* Resources */,
				03F218CA1EF2653B009C3174 /* Embed Frameworks */,
			);
			buildRules = (
			);
			dependencies = (
			);
			name = TableLayout;
			productName = TableLayout;
			productReference = 03B93F431D2DC77200B1C42D /* TableLayout.app */;
			productType = "com.apple.product-type.application";
		};
/* End PBXNativeTarget section */

/* Begin PBXProject section */
		03B93F3B1D2DC77200B1C42D /* Project object */ = {
			isa = PBXProject;
			attributes = {
				LastSwiftUpdateCheck = 0730;
				LastUpgradeCheck = 0900;
				ORGANIZATIONNAME = "Arciem LLC";
				TargetAttributes = {
					03B93F421D2DC77200B1C42D = {
						CreatedOnToolsVersion = 7.3.1;
						DevelopmentTeam = 92TUA8H52D;
						LastSwiftMigration = 0900;
					};
				};
			};
			buildConfigurationList = 03B93F3E1D2DC77200B1C42D /* Build configuration list for PBXProject "TableLayout" */;
			compatibilityVersion = "Xcode 3.2";
			developmentRegion = English;
			hasScannedForEncodings = 0;
			knownRegions = (
				en,
				Base,
			);
			mainGroup = 03B93F3A1D2DC77200B1C42D;
			productRefGroup = 03B93F441D2DC77200B1C42D /* Products */;
			projectDirPath = "";
			projectRoot = "";
			targets = (
				03B93F421D2DC77200B1C42D /* TableLayout */,
			);
		};
/* End PBXProject section */

/* Begin PBXResourcesBuildPhase section */
		03B93F411D2DC77200B1C42D /* Resources */ = {
			isa = PBXResourcesBuildPhase;
			buildActionMask = 2147483647;
			files = (
				03B93F511D2DC77300B1C42D /* LaunchScreen.storyboard in Resources */,
				03B93F4E1D2DC77300B1C42D /* Assets.xcassets in Resources */,
				03B93F4C1D2DC77300B1C42D /* Main.storyboard in Resources */,
			);
			runOnlyForDeploymentPostprocessing = 0;
		};
/* End PBXResourcesBuildPhase section */

/* Begin PBXSourcesBuildPhase section */
		03B93F3F1D2DC77200B1C42D /* Sources */ = {
			isa = PBXSourcesBuildPhase;
			buildActionMask = 2147483647;
			files = (
				03F1454A1D2DF68A00F97311 /* TouchableView.swift in Sources */,
				03B93F611D2DD05100B1C42D /* MyTableViewCell.swift in Sources */,
				03B93F491D2DC77300B1C42D /* MainViewController.swift in Sources */,
				03B93F471D2DC77200B1C42D /* AppDelegate.swift in Sources */,
				03F145481D2DE2D700F97311 /* Model.swift in Sources */,
			);
			runOnlyForDeploymentPostprocessing = 0;
		};
/* End PBXSourcesBuildPhase section */

/* Begin PBXVariantGroup section */
		03B93F4A1D2DC77300B1C42D /* Main.storyboard */ = {
			isa = PBXVariantGroup;
			children = (
				03B93F4B1D2DC77300B1C42D /* Base */,
			);
			name = Main.storyboard;
			sourceTree = "<group>";
		};
		03B93F4F1D2DC77300B1C42D /* LaunchScreen.storyboard */ = {
			isa = PBXVariantGroup;
			children = (
				03B93F501D2DC77300B1C42D /* Base */,
			);
			name = LaunchScreen.storyboard;
			sourceTree = "<group>";
		};
/* End PBXVariantGroup section */

/* Begin XCBuildConfiguration section */
		03B93F531D2DC77300B1C42D /* Debug */ = {
			isa = XCBuildConfiguration;
			buildSettings = {
				ALWAYS_SEARCH_USER_PATHS = NO;
				CLANG_ANALYZER_NONNULL = YES;
				CLANG_CXX_LANGUAGE_STANDARD = "gnu++0x";
				CLANG_CXX_LIBRARY = "libc++";
				CLANG_ENABLE_MODULES = YES;
				CLANG_ENABLE_OBJC_ARC = YES;
				CLANG_WARN_BLOCK_CAPTURE_AUTORELEASING = YES;
				CLANG_WARN_BOOL_CONVERSION = YES;
				CLANG_WARN_COMMA = YES;
				CLANG_WARN_CONSTANT_CONVERSION = YES;
				CLANG_WARN_DIRECT_OBJC_ISA_USAGE = YES_ERROR;
				CLANG_WARN_EMPTY_BODY = YES;
				CLANG_WARN_ENUM_CONVERSION = YES;
				CLANG_WARN_INFINITE_RECURSION = YES;
				CLANG_WARN_INT_CONVERSION = YES;
				CLANG_WARN_NON_LITERAL_NULL_CONVERSION = YES;
				CLANG_WARN_OBJC_LITERAL_CONVERSION = YES;
				CLANG_WARN_OBJC_ROOT_CLASS = YES_ERROR;
				CLANG_WARN_RANGE_LOOP_ANALYSIS = YES;
				CLANG_WARN_STRICT_PROTOTYPES = YES;
				CLANG_WARN_SUSPICIOUS_MOVE = YES;
				CLANG_WARN_UNREACHABLE_CODE = YES;
				CLANG_WARN__DUPLICATE_METHOD_MATCH = YES;
				"CODE_SIGN_IDENTITY[sdk=iphoneos*]" = "iPhone Developer";
				COPY_PHASE_STRIP = NO;
				DEBUG_INFORMATION_FORMAT = dwarf;
				ENABLE_STRICT_OBJC_MSGSEND = YES;
				ENABLE_TESTABILITY = YES;
				GCC_C_LANGUAGE_STANDARD = gnu99;
				GCC_DYNAMIC_NO_PIC = NO;
				GCC_NO_COMMON_BLOCKS = YES;
				GCC_OPTIMIZATION_LEVEL = 0;
				GCC_PREPROCESSOR_DEFINITIONS = (
					"DEBUG=1",
					"$(inherited)",
				);
				GCC_WARN_64_TO_32_BIT_CONVERSION = YES;
				GCC_WARN_ABOUT_RETURN_TYPE = YES_ERROR;
				GCC_WARN_UNDECLARED_SELECTOR = YES;
				GCC_WARN_UNINITIALIZED_AUTOS = YES_AGGRESSIVE;
				GCC_WARN_UNUSED_FUNCTION = YES;
				GCC_WARN_UNUSED_VARIABLE = YES;
				IPHONEOS_DEPLOYMENT_TARGET = 9.3;
				MTL_ENABLE_DEBUG_INFO = YES;
				ONLY_ACTIVE_ARCH = YES;
				SDKROOT = iphoneos;
				SWIFT_OPTIMIZATION_LEVEL = "-Onone";
				TARGETED_DEVICE_FAMILY = "1,2";
			};
			name = Debug;
		};
		03B93F541D2DC77300B1C42D /* Release */ = {
			isa = XCBuildConfiguration;
			buildSettings = {
				ALWAYS_SEARCH_USER_PATHS = NO;
				CLANG_ANALYZER_NONNULL = YES;
				CLANG_CXX_LANGUAGE_STANDARD = "gnu++0x";
				CLANG_CXX_LIBRARY = "libc++";
				CLANG_ENABLE_MODULES = YES;
				CLANG_ENABLE_OBJC_ARC = YES;
				CLANG_WARN_BLOCK_CAPTURE_AUTORELEASING = YES;
				CLANG_WARN_BOOL_CONVERSION = YES;
				CLANG_WARN_COMMA = YES;
				CLANG_WARN_CONSTANT_CONVERSION = YES;
				CLANG_WARN_DIRECT_OBJC_ISA_USAGE = YES_ERROR;
				CLANG_WARN_EMPTY_BODY = YES;
				CLANG_WARN_ENUM_CONVERSION = YES;
				CLANG_WARN_INFINITE_RECURSION = YES;
				CLANG_WARN_INT_CONVERSION = YES;
				CLANG_WARN_NON_LITERAL_NULL_CONVERSION = YES;
				CLANG_WARN_OBJC_LITERAL_CONVERSION = YES;
				CLANG_WARN_OBJC_ROOT_CLASS = YES_ERROR;
				CLANG_WARN_RANGE_LOOP_ANALYSIS = YES;
				CLANG_WARN_STRICT_PROTOTYPES = YES;
				CLANG_WARN_SUSPICIOUS_MOVE = YES;
				CLANG_WARN_UNREACHABLE_CODE = YES;
				CLANG_WARN__DUPLICATE_METHOD_MATCH = YES;
				"CODE_SIGN_IDENTITY[sdk=iphoneos*]" = "iPhone Developer";
				COPY_PHASE_STRIP = NO;
				DEBUG_INFORMATION_FORMAT = "dwarf-with-dsym";
				ENABLE_NS_ASSERTIONS = NO;
				ENABLE_STRICT_OBJC_MSGSEND = YES;
				GCC_C_LANGUAGE_STANDARD = gnu99;
				GCC_NO_COMMON_BLOCKS = YES;
				GCC_WARN_64_TO_32_BIT_CONVERSION = YES;
				GCC_WARN_ABOUT_RETURN_TYPE = YES_ERROR;
				GCC_WARN_UNDECLARED_SELECTOR = YES;
				GCC_WARN_UNINITIALIZED_AUTOS = YES_AGGRESSIVE;
				GCC_WARN_UNUSED_FUNCTION = YES;
				GCC_WARN_UNUSED_VARIABLE = YES;
				IPHONEOS_DEPLOYMENT_TARGET = 9.3;
				MTL_ENABLE_DEBUG_INFO = NO;
				SDKROOT = iphoneos;
				SWIFT_OPTIMIZATION_LEVEL = "-Owholemodule";
				TARGETED_DEVICE_FAMILY = "1,2";
				VALIDATE_PRODUCT = YES;
			};
			name = Release;
		};
		03B93F561D2DC77300B1C42D /* Debug */ = {
			isa = XCBuildConfiguration;
			buildSettings = {
				ASSETCATALOG_COMPILER_APPICON_NAME = AppIcon;
				DEVELOPMENT_TEAM = 92TUA8H52D;
				INFOPLIST_FILE = TableLayout/Info.plist;
				IPHONEOS_DEPLOYMENT_TARGET = 10.3;
				LD_RUNPATH_SEARCH_PATHS = "$(inherited) @executable_path/Frameworks";
				PRODUCT_BUNDLE_IDENTIFIER = com.arciem.TableLayout;
				PRODUCT_NAME = "$(TARGET_NAME)";
				SWIFT_VERSION = 4.0;
			};
			name = Debug;
		};
		03B93F571D2DC77300B1C42D /* Release */ = {
			isa = XCBuildConfiguration;
			buildSettings = {
				ASSETCATALOG_COMPILER_APPICON_NAME = AppIcon;
				DEVELOPMENT_TEAM = 92TUA8H52D;
				INFOPLIST_FILE = TableLayout/Info.plist;
				IPHONEOS_DEPLOYMENT_TARGET = 10.3;
				LD_RUNPATH_SEARCH_PATHS = "$(inherited) @executable_path/Frameworks";
				PRODUCT_BUNDLE_IDENTIFIER = com.arciem.TableLayout;
				PRODUCT_NAME = "$(TARGET_NAME)";
				SWIFT_VERSION = 4.0;
			};
			name = Release;
		};
/* End XCBuildConfiguration section */

/* Begin XCConfigurationList section */
		03B93F3E1D2DC77200B1C42D /* Build configuration list for PBXProject "TableLayout" */ = {
			isa = XCConfigurationList;
			buildConfigurations = (
				03B93F531D2DC77300B1C42D /* Debug */,
				03B93F541D2DC77300B1C42D /* Release */,
			);
			defaultConfigurationIsVisible = 0;
			defaultConfigurationName = Release;
		};
		03B93F551D2DC77300B1C42D /* Build configuration list for PBXNativeTarget "TableLayout" */ = {
			isa = XCConfigurationList;
			buildConfigurations = (
				03B93F561D2DC77300B1C42D /* Debug */,
				03B93F571D2DC77300B1C42D /* Release */,
			);
			defaultConfigurationIsVisible = 0;
			defaultConfigurationName = Release;
		};
/* End XCConfigurationList section */
	};
	rootObject = 03B93F3B1D2DC77200B1C42D /* Project object */;
}
